
Microsoft Visual Studio Solution File, Format Version 12.00
# Visual Studio Version 17
VisualStudioVersion = 17.5.33530.505
MinimumVisualStudioVersion = 10.0.40219.1
Project("{9A19103F-16F7-4668-BE54-9A1E7A4F7556}") = "WebAppProject", "WebAppProject.csproj", "{80FB3374-2A2B-4F5D-A66E-2384AD3B0D2D}"
EndProject
Project("{9A19103F-16F7-4668-BE54-9A1E7A4F7556}") = "Models", "..\Models\Models.csproj", "{83B09AED-CA84-4D10-9177-B8CDDB869E61}"
EndProject
Project("{9A19103F-16F7-4668-BE54-9A1E7A4F7556}") = "DAL", "..\DLL\DAL.csproj", "{3FCEE163-8B0B-4A15-B54A-D4791270F8AA}"
EndProject
Project("{9A19103F-16F7-4668-BE54-9A1E7A4F7556}") = "Repository", "..\Repository\Repository.csproj", "{E841C0FB-2A48-42E9-8717-832856F22669}"
EndProject
Project("{9A19103F-16F7-4668-BE54-9A1E7A4F7556}") = "Service", "..\Service\Service.csproj", "{99942BEA-9119-4093-9DF0-73E502F27C3C}"
EndProject
Global
	GlobalSection(SolutionConfigurationPlatforms) = preSolution
		Debug|Any CPU = Debug|Any CPU
		Release|Any CPU = Release|Any CPU
	EndGlobalSection
	GlobalSection(ProjectConfigurationPlatforms) = postSolution
		{80FB3374-2A2B-4F5D-A66E-2384AD3B0D2D}.Debug|Any CPU.ActiveCfg = Debug|Any CPU
		{80FB3374-2A2B-4F5D-A66E-2384AD3B0D2D}.Debug|Any CPU.Build.0 = Debug|Any CPU
		{80FB3374-2A2B-4F5D-A66E-2384AD3B0D2D}.Release|Any CPU.ActiveCfg = Release|Any CPU
		{80FB3374-2A2B-4F5D-A66E-2384AD3B0D2D}.Release|Any CPU.Build.0 = Release|Any CPU
		{83B09AED-CA84-4D10-9177-B8CDDB869E61}.Debug|Any CPU.ActiveCfg = Debug|Any CPU
		{83B09AED-CA84-4D10-9177-B8CDDB869E61}.Debug|Any CPU.Build.0 = Debug|Any CPU
		{83B09AED-CA84-4D10-9177-B8CDDB869E61}.Release|Any CPU.ActiveCfg = Release|Any CPU
		{83B09AED-CA84-4D10-9177-B8CDDB869E61}.Release|Any CPU.Build.0 = Release|Any CPU
		{3FCEE163-8B0B-4A15-B54A-D4791270F8AA}.Debug|Any CPU.ActiveCfg = Debug|Any CPU
		{3FCEE163-8B0B-4A15-B54A-D4791270F8AA}.Debug|Any CPU.Build.0 = Debug|Any CPU
		{3FCEE163-8B0B-4A15-B54A-D4791270F8AA}.Release|Any CPU.ActiveCfg = Release|Any CPU
		{3FCEE163-8B0B-4A15-B54A-D4791270F8AA}.Release|Any CPU.Build.0 = Release|Any CPU
		{E841C0FB-2A48-42E9-8717-832856F22669}.Debug|Any CPU.ActiveCfg = Debug|Any CPU
		{E841C0FB-2A48-42E9-8717-832856F22669}.Debug|Any CPU.Build.0 = Debug|Any CPU
		{E841C0FB-2A48-42E9-8717-832856F22669}.Release|Any CPU.ActiveCfg = Release|Any CPU
		{E841C0FB-2A48-42E9-8717-832856F22669}.Release|Any CPU.Build.0 = Release|Any CPU
		{99942BEA-9119-4093-9DF0-73E502F27C3C}.Debug|Any CPU.ActiveCfg = Debug|Any CPU
		{99942BEA-9119-4093-9DF0-73E502F27C3C}.Debug|Any CPU.Build.0 = Debug|Any CPU
		{99942BEA-9119-4093-9DF0-73E502F27C3C}.Release|Any CPU.ActiveCfg = Release|Any CPU
		{99942BEA-9119-4093-9DF0-73E502F27C3C}.Release|Any CPU.Build.0 = Release|Any CPU
	EndGlobalSection
	GlobalSection(SolutionProperties) = preSolution
		HideSolutionNode = FALSE
	EndGlobalSection
	GlobalSection(ExtensibilityGlobals) = postSolution
		SolutionGuid = {9FB4BF8C-77FD-4F45-AF70-ED7D8DD0BE32}
	EndGlobalSection
EndGlobal
